
Microsoft Visual Studio Solution File, Format Version 12.00
# Visual Studio Version 17
VisualStudioVersion = 17.0.31903.59
MinimumVisualStudioVersion = 10.0.40219.1
Project("{FAE04EC0-301F-11D3-BF4B-00C04F79EFBC}") = "AirportSim.Shared", "AirportSim.Shared\AirportSim.Shared.csproj", "{9FEDD27F-3A81-4056-A8EF-2B479B74589F}"
EndProject
Project("{FAE04EC0-301F-11D3-BF4B-00C04F79EFBC}") = "AirportSim.Server", "AirportSim.Server\AirportSim.Server.csproj", "{920BD4E2-5FCC-4380-9603-54F2BB97393F}"
EndProject
Project("{FAE04EC0-301F-11D3-BF4B-00C04F79EFBC}") = "AirportSim.Client", "AirportSim.Client\AirportSim.Client.csproj", "{5B820D1A-2792-473F-986B-A92F77609B9B}"
EndProject
Global
	GlobalSection(SolutionConfigurationPlatforms) = preSolution
		Debug|Any CPU = Debug|Any CPU
		Debug|x64 = Debug|x64
		Debug|x86 = Debug|x86
		Release|Any CPU = Release|Any CPU
		Release|x64 = Release|x64
		Release|x86 = Release|x86
	EndGlobalSection
	GlobalSection(ProjectConfigurationPlatforms) = postSolution
		{9FEDD27F-3A81-4056-A8EF-2B479B74589F}.Debug|Any CPU.ActiveCfg = Debug|Any CPU
		{9FEDD27F-3A81-4056-A8EF-2B479B74589F}.Debug|Any CPU.Build.0 = Debug|Any CPU
		{9FEDD27F-3A81-4056-A8EF-2B479B74589F}.Debug|x64.ActiveCfg = Debug|Any CPU
		{9FEDD27F-3A81-4056-A8EF-2B479B74589F}.Debug|x64.Build.0 = Debug|Any CPU
		{9FEDD27F-3A81-4056-A8EF-2B479B74589F}.Debug|x86.ActiveCfg = Debug|Any CPU
		{9FEDD27F-3A81-4056-A8EF-2B479B74589F}.Debug|x86.Build.0 = Debug|Any CPU
		{9FEDD27F-3A81-4056-A8EF-2B479B74589F}.Release|Any CPU.ActiveCfg = Release|Any CPU
		{9FEDD27F-3A81-4056-A8EF-2B479B74589F}.Release|Any CPU.Build.0 = Release|Any CPU
		{9FEDD27F-3A81-4056-A8EF-2B479B74589F}.Release|x64.ActiveCfg = Release|Any CPU
		{9FEDD27F-3A81-4056-A8EF-2B479B74589F}.Release|x64.Build.0 = Release|Any CPU
		{9FEDD27F-3A81-4056-A8EF-2B479B74589F}.Release|x86.ActiveCfg = Release|Any CPU
		{9FEDD27F-3A81-4056-A8EF-2B479B74589F}.Release|x86.Build.0 = Release|Any CPU
		{920BD4E2-5FCC-4380-9603-54F2BB97393F}.Debug|Any CPU.ActiveCfg = Debug|Any CPU
		{920BD4E2-5FCC-4380-9603-54F2BB97393F}.Debug|Any CPU.Build.0 = Debug|Any CPU
		{920BD4E2-5FCC-4380-9603-54F2BB97393F}.Debug|x64.ActiveCfg = Debug|Any CPU
		{920BD4E2-5FCC-4380-9603-54F2BB97393F}.Debug|x64.Build.0 = Debug|Any CPU
		{920BD4E2-5FCC-4380-9603-54F2BB97393F}.Debug|x86.ActiveCfg = Debug|Any CPU
		{920BD4E2-5FCC-4380-9603-54F2BB97393F}.Debug|x86.Build.0 = Debug|Any CPU
		{920BD4E2-5FCC-4380-9603-54F2BB97393F}.Release|Any CPU.ActiveCfg = Release|Any CPU
		{920BD4E2-5FCC-4380-9603-54F2BB97393F}.Release|Any CPU.Build.0 = Release|Any CPU
		{920BD4E2-5FCC-4380-9603-54F2BB97393F}.Release|x64.ActiveCfg = Release|Any CPU
		{920BD4E2-5FCC-4380-9603-54F2BB97393F}.Release|x64.Build.0 = Release|Any CPU
		{920BD4E2-5FCC-4380-9603-54F2BB97393F}.Release|x86.ActiveCfg = Release|Any CPU
		{920BD4E2-5FCC-4380-9603-54F2BB97393F}.Release|x86.Build.0 = Release|Any CPU
		{5B820D1A-2792-473F-986B-A92F77609B9B}.Debug|Any CPU.ActiveCfg = Debug|Any CPU
		{5B820D1A-2792-473F-986B-A92F77609B9B}.Debug|Any CPU.Build.0 = Debug|Any CPU
		{5B820D1A-2792-473F-986B-A92F77609B9B}.Debug|x64.ActiveCfg = Debug|Any CPU
		{5B820D1A-2792-473F-986B-A92F77609B9B}.Debug|x64.Build.0 = Debug|Any CPU
		{5B820D1A-2792-473F-986B-A92F77609B9B}.Debug|x86.ActiveCfg = Debug|Any CPU
		{5B820D1A-2792-473F-986B-A92F77609B9B}.Debug|x86.Build.0 = Debug|Any CPU
		{5B820D1A-2792-473F-986B-A92F77609B9B}.Release|Any CPU.ActiveCfg = Release|Any CPU
		{5B820D1A-2792-473F-986B-A92F77609B9B}.Release|Any CPU.Build.0 = Release|Any CPU
		{5B820D1A-2792-473F-986B-A92F77609B9B}.Release|x64.ActiveCfg = Release|Any CPU
		{5B820D1A-2792-473F-986B-A92F77609B9B}.Release|x64.Build.0 = Release|Any CPU
		{5B820D1A-2792-473F-986B-A92F77609B9B}.Release|x86.ActiveCfg = Release|Any CPU
		{5B820D1A-2792-473F-986B-A92F77609B9B}.Release|x86.Build.0 = Release|Any CPU
	EndGlobalSection
	GlobalSection(SolutionProperties) = preSolution
		HideSolutionNode = FALSE
	EndGlobalSection
EndGlobal
